
Microsoft Visual Studio Solution File, Format Version 12.00
# Visual Studio Version 16
VisualStudioVersion = 16.0.29215.179
MinimumVisualStudioVersion = 10.0.40219.1
Project("{8BC9CEB8-8B4A-11D0-8D11-00A0C91BC942}") = "CISP 4", "CISP 4\CISP 4.vcxproj", "{DAC4AA7D-430F-4A9F-A58D-3BCCA6F6C47C}"
EndProject
Global
	GlobalSection(SolutionConfigurationPlatforms) = preSolution
		Debug|x64 = Debug|x64
		Debug|x86 = Debug|x86
		Release|x64 = Release|x64
		Release|x86 = Release|x86
	EndGlobalSection
	GlobalSection(ProjectConfigurationPlatforms) = postSolution
		{DAC4AA7D-430F-4A9F-A58D-3BCCA6F6C47C}.Debug|x64.ActiveCfg = Debug|x64
		{DAC4AA7D-430F-4A9F-A58D-3BCCA6F6C47C}.Debug|x64.Build.0 = Debug|x64
		{DAC4AA7D-430F-4A9F-A58D-3BCCA6F6C47C}.Debug|x86.ActiveCfg = Debug|Win32
		{DAC4AA7D-430F-4A9F-A58D-3BCCA6F6C47C}.Debug|x86.Build.0 = Debug|Win32
		{DAC4AA7D-430F-4A9F-A58D-3BCCA6F6C47C}.Release|x64.ActiveCfg = Release|x64
		{DAC4AA7D-430F-4A9F-A58D-3BCCA6F6C47C}.Release|x64.Build.0 = Release|x64
		{DAC4AA7D-430F-4A9F-A58D-3BCCA6F6C47C}.Release|x86.ActiveCfg = Release|Win32
		{DAC4AA7D-430F-4A9F-A58D-3BCCA6F6C47C}.Release|x86.Build.0 = Release|Win32
	EndGlobalSection
	GlobalSection(SolutionProperties) = preSolution
		HideSolutionNode = FALSE
	EndGlobalSection
	GlobalSection(ExtensibilityGlobals) = postSolution
		SolutionGuid = {46758B87-A3FC-4E2C-86D6-6DA7D1414D6A}
	EndGlobalSection
EndGlobal
